
Microsoft Visual Studio Solution File, Format Version 12.00
# Visual Studio Version 17
VisualStudioVersion = 17.3.32901.215
MinimumVisualStudioVersion = 10.0.40219.1
Project("{FAE04EC0-301F-11D3-BF4B-00C04F79EFBC}") = "Server", "Server\Server.csproj", "{01DE05CE-C23E-4AC2-A1A9-FA87441E7B21}"
EndProject
Global
	GlobalSection(SolutionConfigurationPlatforms) = preSolution
		Debug|Any CPU = Debug|Any CPU
		Release|Any CPU = Release|Any CPU
	EndGlobalSection
	GlobalSection(ProjectConfigurationPlatforms) = postSolution
		{01DE05CE-C23E-4AC2-A1A9-FA87441E7B21}.Debug|Any CPU.ActiveCfg = Debug|Any CPU
		{01DE05CE-C23E-4AC2-A1A9-FA87441E7B21}.Debug|Any CPU.Build.0 = Debug|Any CPU
		{01DE05CE-C23E-4AC2-A1A9-FA87441E7B21}.Release|Any CPU.ActiveCfg = Release|Any CPU
		{01DE05CE-C23E-4AC2-A1A9-FA87441E7B21}.Release|Any CPU.Build.0 = Release|Any CPU
	EndGlobalSection
	GlobalSection(SolutionProperties) = preSolution
		HideSolutionNode = FALSE
	EndGlobalSection
	GlobalSection(ExtensibilityGlobals) = postSolution
		SolutionGuid = {076112A5-DC1D-47FD-A8A3-4E11FCF766F5}
	EndGlobalSection
EndGlobal
